
Microsoft Visual Studio Solution File, Format Version 12.00
# Visual Studio Version 16
VisualStudioVersion = 16.0.31313.79
MinimumVisualStudioVersion = 10.0.40219.1
Project("{FAE04EC0-301F-11D3-BF4B-00C04F79EFBC}") = "ConsoleApp5", "ConsoleApp5\ConsoleApp5.csproj", "{FCFA4A31-2454-4515-8ED1-641B48450131}"
EndProject
Global
	GlobalSection(SolutionConfigurationPlatforms) = preSolution
		Debug|Any CPU = Debug|Any CPU
		Release|Any CPU = Release|Any CPU
	EndGlobalSection
	GlobalSection(ProjectConfigurationPlatforms) = postSolution
		{FCFA4A31-2454-4515-8ED1-641B48450131}.Debug|Any CPU.ActiveCfg = Debug|Any CPU
		{FCFA4A31-2454-4515-8ED1-641B48450131}.Debug|Any CPU.Build.0 = Debug|Any CPU
		{FCFA4A31-2454-4515-8ED1-641B48450131}.Release|Any CPU.ActiveCfg = Release|Any CPU
		{FCFA4A31-2454-4515-8ED1-641B48450131}.Release|Any CPU.Build.0 = Release|Any CPU
	EndGlobalSection
	GlobalSection(SolutionProperties) = preSolution
		HideSolutionNode = FALSE
	EndGlobalSection
	GlobalSection(ExtensibilityGlobals) = postSolution
		SolutionGuid = {90DE0FDA-AA67-4BD9-AD13-557ED3894A77}
	EndGlobalSection
EndGlobal
